
Microsoft Visual Studio Solution File, Format Version 12.00
# Visual Studio Version 17
VisualStudioVersion = 17.6.33723.286
MinimumVisualStudioVersion = 10.0.40219.1
Project("{FAE04EC0-301F-11D3-BF4B-00C04F79EFBC}") = "Intervalo2", "Intervalo2\Intervalo2.csproj", "{686FE44C-F4E8-4241-AB33-6D13DEB1A292}"
EndProject
Global
	GlobalSection(SolutionConfigurationPlatforms) = preSolution
		Debug|Any CPU = Debug|Any CPU
		Release|Any CPU = Release|Any CPU
	EndGlobalSection
	GlobalSection(ProjectConfigurationPlatforms) = postSolution
		{686FE44C-F4E8-4241-AB33-6D13DEB1A292}.Debug|Any CPU.ActiveCfg = Debug|Any CPU
		{686FE44C-F4E8-4241-AB33-6D13DEB1A292}.Debug|Any CPU.Build.0 = Debug|Any CPU
		{686FE44C-F4E8-4241-AB33-6D13DEB1A292}.Release|Any CPU.ActiveCfg = Release|Any CPU
		{686FE44C-F4E8-4241-AB33-6D13DEB1A292}.Release|Any CPU.Build.0 = Release|Any CPU
	EndGlobalSection
	GlobalSection(SolutionProperties) = preSolution
		HideSolutionNode = FALSE
	EndGlobalSection
	GlobalSection(ExtensibilityGlobals) = postSolution
		SolutionGuid = {DDC02EBC-3985-4505-8211-72A4411F7EBC}
	EndGlobalSection
EndGlobal
